
Microsoft Visual Studio Solution File, Format Version 12.00
# Visual Studio 14
VisualStudioVersion = 14.0.23107.0
MinimumVisualStudioVersion = 10.0.40219.1
Project("{FAE04EC0-301F-11D3-BF4B-00C04F79EFBC}") = "WebSpider", "WebSpider\WebSpider.csproj", "{75D3692B-9D08-4F3A-8BDC-63C53215B6F8}"
EndProject
Project("{FAE04EC0-301F-11D3-BF4B-00C04F79EFBC}") = "ConsoleLog", "ConsoleTest\ConsoleLog.csproj", "{C1CD6B4F-6C0A-44D0-8D97-6C3D20AA68CF}"
EndProject
Project("{FAE04EC0-301F-11D3-BF4B-00C04F79EFBC}") = "TestProject", "TestProject\TestProject.csproj", "{963343EB-818C-477C-991F-333244653752}"
EndProject
Global
	GlobalSection(SolutionConfigurationPlatforms) = preSolution
		Debug|Any CPU = Debug|Any CPU
		Release|Any CPU = Release|Any CPU
	EndGlobalSection
	GlobalSection(ProjectConfigurationPlatforms) = postSolution
		{75D3692B-9D08-4F3A-8BDC-63C53215B6F8}.Debug|Any CPU.ActiveCfg = Debug|Any CPU
		{75D3692B-9D08-4F3A-8BDC-63C53215B6F8}.Debug|Any CPU.Build.0 = Debug|Any CPU
		{75D3692B-9D08-4F3A-8BDC-63C53215B6F8}.Release|Any CPU.ActiveCfg = Release|Any CPU
		{75D3692B-9D08-4F3A-8BDC-63C53215B6F8}.Release|Any CPU.Build.0 = Release|Any CPU
		{C1CD6B4F-6C0A-44D0-8D97-6C3D20AA68CF}.Debug|Any CPU.ActiveCfg = Debug|Any CPU
		{C1CD6B4F-6C0A-44D0-8D97-6C3D20AA68CF}.Debug|Any CPU.Build.0 = Debug|Any CPU
		{C1CD6B4F-6C0A-44D0-8D97-6C3D20AA68CF}.Release|Any CPU.ActiveCfg = Release|Any CPU
		{C1CD6B4F-6C0A-44D0-8D97-6C3D20AA68CF}.Release|Any CPU.Build.0 = Release|Any CPU
		{963343EB-818C-477C-991F-333244653752}.Debug|Any CPU.ActiveCfg = Debug|Any CPU
		{963343EB-818C-477C-991F-333244653752}.Debug|Any CPU.Build.0 = Debug|Any CPU
		{963343EB-818C-477C-991F-333244653752}.Release|Any CPU.ActiveCfg = Release|Any CPU
		{963343EB-818C-477C-991F-333244653752}.Release|Any CPU.Build.0 = Release|Any CPU
	EndGlobalSection
	GlobalSection(SolutionProperties) = preSolution
		HideSolutionNode = FALSE
	EndGlobalSection
EndGlobal
